
Microsoft Visual Studio Solution File, Format Version 12.00
# Visual Studio Version 17
VisualStudioVersion = 17.8.34511.84
MinimumVisualStudioVersion = 10.0.40219.1
Project("{FAE04EC0-301F-11D3-BF4B-00C04F79EFBC}") = "ProgettoDelVenerdi - Agenzia Entrate", "ProgettoDelVenerdi - Agenzia Entrate\ProgettoDelVenerdi - Agenzia Entrate.csproj", "{9E98E551-FA3C-400B-BE3E-A2514DE3C3BD}"
EndProject
Global
	GlobalSection(SolutionConfigurationPlatforms) = preSolution
		Debug|Any CPU = Debug|Any CPU
		Release|Any CPU = Release|Any CPU
	EndGlobalSection
	GlobalSection(ProjectConfigurationPlatforms) = postSolution
		{9E98E551-FA3C-400B-BE3E-A2514DE3C3BD}.Debug|Any CPU.ActiveCfg = Debug|Any CPU
		{9E98E551-FA3C-400B-BE3E-A2514DE3C3BD}.Debug|Any CPU.Build.0 = Debug|Any CPU
		{9E98E551-FA3C-400B-BE3E-A2514DE3C3BD}.Release|Any CPU.ActiveCfg = Release|Any CPU
		{9E98E551-FA3C-400B-BE3E-A2514DE3C3BD}.Release|Any CPU.Build.0 = Release|Any CPU
	EndGlobalSection
	GlobalSection(SolutionProperties) = preSolution
		HideSolutionNode = FALSE
	EndGlobalSection
	GlobalSection(ExtensibilityGlobals) = postSolution
		SolutionGuid = {C1EF195E-901F-4E3E-906D-EB1063E8D248}
	EndGlobalSection
EndGlobal
